
Microsoft Visual Studio Solution File, Format Version 12.00
# Visual Studio Version 17
VisualStudioVersion = 17.2.32602.215
MinimumVisualStudioVersion = 10.0.40219.1
Project("{9A19103F-16F7-4668-BE54-9A1E7A4F7556}") = "ContactBook.Web", "ContactBook.Web\ContactBook.Web.csproj", "{E24A1FC0-3DA2-4B08-8032-5C8897AD87EE}"
EndProject
Project("{FAE04EC0-301F-11D3-BF4B-00C04F79EFBC}") = "ContactBook.Backend", "ContactBook.Backend\ContactBook.Backend.csproj", "{2C8C4D49-D316-4D43-8DFA-750A1679143C}"
EndProject
Project("{2150E333-8FDC-42A3-9474-1A3956D46DE8}") = "Solution Items", "Solution Items", "{4D2FE3CF-9C4D-4381-A168-B29CD5888E37}"
EndProject
Global
	GlobalSection(SolutionConfigurationPlatforms) = preSolution
		Debug|Any CPU = Debug|Any CPU
		Release|Any CPU = Release|Any CPU
	EndGlobalSection
	GlobalSection(ProjectConfigurationPlatforms) = postSolution
		{E24A1FC0-3DA2-4B08-8032-5C8897AD87EE}.Debug|Any CPU.ActiveCfg = Debug|Any CPU
		{E24A1FC0-3DA2-4B08-8032-5C8897AD87EE}.Debug|Any CPU.Build.0 = Debug|Any CPU
		{E24A1FC0-3DA2-4B08-8032-5C8897AD87EE}.Release|Any CPU.ActiveCfg = Release|Any CPU
		{E24A1FC0-3DA2-4B08-8032-5C8897AD87EE}.Release|Any CPU.Build.0 = Release|Any CPU
		{2C8C4D49-D316-4D43-8DFA-750A1679143C}.Debug|Any CPU.ActiveCfg = Debug|Any CPU
		{2C8C4D49-D316-4D43-8DFA-750A1679143C}.Debug|Any CPU.Build.0 = Debug|Any CPU
		{2C8C4D49-D316-4D43-8DFA-750A1679143C}.Release|Any CPU.ActiveCfg = Release|Any CPU
		{2C8C4D49-D316-4D43-8DFA-750A1679143C}.Release|Any CPU.Build.0 = Release|Any CPU
	EndGlobalSection
	GlobalSection(SolutionProperties) = preSolution
		HideSolutionNode = FALSE
	EndGlobalSection
	GlobalSection(ExtensibilityGlobals) = postSolution
		SolutionGuid = {A41EFADD-B012-4239-919B-D4553B542053}
	EndGlobalSection
EndGlobal
